
Microsoft Visual Studio Solution File, Format Version 12.00
# Visual Studio Version 17
VisualStudioVersion = 17.8.34322.80
MinimumVisualStudioVersion = 10.0.40219.1
Project("{FAE04EC0-301F-11D3-BF4B-00C04F79EFBC}") = "SportAktivity", "SportAktivity.csproj", "{3B0921FB-F00D-418A-B2A8-EF4E4E6F1437}"
EndProject
Global
	GlobalSection(SolutionConfigurationPlatforms) = preSolution
		Debug|Any CPU = Debug|Any CPU
		Release|Any CPU = Release|Any CPU
	EndGlobalSection
	GlobalSection(ProjectConfigurationPlatforms) = postSolution
		{3B0921FB-F00D-418A-B2A8-EF4E4E6F1437}.Debug|Any CPU.ActiveCfg = Debug|Any CPU
		{3B0921FB-F00D-418A-B2A8-EF4E4E6F1437}.Debug|Any CPU.Build.0 = Debug|Any CPU
		{3B0921FB-F00D-418A-B2A8-EF4E4E6F1437}.Release|Any CPU.ActiveCfg = Release|Any CPU
		{3B0921FB-F00D-418A-B2A8-EF4E4E6F1437}.Release|Any CPU.Build.0 = Release|Any CPU
	EndGlobalSection
	GlobalSection(SolutionProperties) = preSolution
		HideSolutionNode = FALSE
	EndGlobalSection
	GlobalSection(ExtensibilityGlobals) = postSolution
		SolutionGuid = {321C070A-76A9-46CE-BF7F-02D792D3627C}
	EndGlobalSection
EndGlobal
